
Microsoft Visual Studio Solution File, Format Version 12.00
# Visual Studio Version 17
VisualStudioVersion = 17.3.32929.385
MinimumVisualStudioVersion = 10.0.40219.1
Project("{FAE04EC0-301F-11D3-BF4B-00C04F79EFBC}") = "DataPumper.Core", "src\DataPumper.Core\DataPumper.Core.csproj", "{4EBC109B-BB0D-4E3E-9024-8A1180EC9C47}"
EndProject
Project("{FAE04EC0-301F-11D3-BF4B-00C04F79EFBC}") = "DataPumper.Sql", "src\DataPumper.Sql\DataPumper.Sql.csproj", "{3A12DE89-4A19-4974-BE08-300375E094A7}"
EndProject
Project("{FAE04EC0-301F-11D3-BF4B-00C04F79EFBC}") = "Quirco.DataPumper", "src\Quirco.DataPumper\Quirco.DataPumper.csproj", "{450A20AF-D07D-4125-9F61-50F220577D0F}"
EndProject
Project("{FAE04EC0-301F-11D3-BF4B-00C04F79EFBC}") = "DataPumper.Console", "src\DataPumper.Console\DataPumper.Console.csproj", "{F5872821-986F-4875-9881-ADD0F8C51236}"
EndProject
Project("{2150E333-8FDC-42A3-9474-1A3956D46DE8}") = "Workflows", "Workflows", "{D0608D17-FB64-4FDC-ACA3-0C418A4425A5}"
	ProjectSection(SolutionItems) = preProject
		.github\workflows\build-release-console.yml = .github\workflows\build-release-console.yml
		.github\workflows\publish-to-package.yml = .github\workflows\publish-to-package.yml
	EndProjectSection
EndProject
Project("{9A19103F-16F7-4668-BE54-9A1E7A4F7556}") = "DataPumper.Tests", "src\DataPumper.Tests\DataPumper.Tests.csproj", "{E4FD0A7D-E751-43D4-AB24-125D75A0EFEE}"
EndProject
Project("{FAE04EC0-301F-11D3-BF4B-00C04F79EFBC}") = "DataPumper.PostgreSql", "src\DataPumper.PostgreSql\DataPumper.PostgreSql.csproj", "{D3F02F7B-AED8-499C-B79E-E4138EE16754}"
EndProject
Project("{9A19103F-16F7-4668-BE54-9A1E7A4F7556}") = "DataPumper.Web", "src\DataPumper.Web\DataPumper.Web.csproj", "{AC5A2BC4-3F07-4F7A-9E7E-41D6E007ABD4}"
EndProject
Global
	GlobalSection(SolutionConfigurationPlatforms) = preSolution
		Debug|Any CPU = Debug|Any CPU
		Release|Any CPU = Release|Any CPU
	EndGlobalSection
	GlobalSection(ProjectConfigurationPlatforms) = postSolution
		{4EBC109B-BB0D-4E3E-9024-8A1180EC9C47}.Debug|Any CPU.ActiveCfg = Debug|Any CPU
		{4EBC109B-BB0D-4E3E-9024-8A1180EC9C47}.Debug|Any CPU.Build.0 = Debug|Any CPU
		{4EBC109B-BB0D-4E3E-9024-8A1180EC9C47}.Release|Any CPU.ActiveCfg = Release|Any CPU
		{4EBC109B-BB0D-4E3E-9024-8A1180EC9C47}.Release|Any CPU.Build.0 = Release|Any CPU
		{3A12DE89-4A19-4974-BE08-300375E094A7}.Debug|Any CPU.ActiveCfg = Debug|Any CPU
		{3A12DE89-4A19-4974-BE08-300375E094A7}.Debug|Any CPU.Build.0 = Debug|Any CPU
		{3A12DE89-4A19-4974-BE08-300375E094A7}.Release|Any CPU.ActiveCfg = Release|Any CPU
		{3A12DE89-4A19-4974-BE08-300375E094A7}.Release|Any CPU.Build.0 = Release|Any CPU
		{450A20AF-D07D-4125-9F61-50F220577D0F}.Debug|Any CPU.ActiveCfg = Debug|Any CPU
		{450A20AF-D07D-4125-9F61-50F220577D0F}.Debug|Any CPU.Build.0 = Debug|Any CPU
		{450A20AF-D07D-4125-9F61-50F220577D0F}.Release|Any CPU.ActiveCfg = Release|Any CPU
		{450A20AF-D07D-4125-9F61-50F220577D0F}.Release|Any CPU.Build.0 = Release|Any CPU
		{F5872821-986F-4875-9881-ADD0F8C51236}.Debug|Any CPU.ActiveCfg = Debug|Any CPU
		{F5872821-986F-4875-9881-ADD0F8C51236}.Debug|Any CPU.Build.0 = Debug|Any CPU
		{F5872821-986F-4875-9881-ADD0F8C51236}.Release|Any CPU.ActiveCfg = Release|Any CPU
		{F5872821-986F-4875-9881-ADD0F8C51236}.Release|Any CPU.Build.0 = Release|Any CPU
		{E4FD0A7D-E751-43D4-AB24-125D75A0EFEE}.Debug|Any CPU.ActiveCfg = Debug|Any CPU
		{E4FD0A7D-E751-43D4-AB24-125D75A0EFEE}.Debug|Any CPU.Build.0 = Debug|Any CPU
		{E4FD0A7D-E751-43D4-AB24-125D75A0EFEE}.Release|Any CPU.ActiveCfg = Release|Any CPU
		{E4FD0A7D-E751-43D4-AB24-125D75A0EFEE}.Release|Any CPU.Build.0 = Release|Any CPU
		{D3F02F7B-AED8-499C-B79E-E4138EE16754}.Debug|Any CPU.ActiveCfg = Debug|Any CPU
		{D3F02F7B-AED8-499C-B79E-E4138EE16754}.Debug|Any CPU.Build.0 = Debug|Any CPU
		{D3F02F7B-AED8-499C-B79E-E4138EE16754}.Release|Any CPU.ActiveCfg = Release|Any CPU
		{D3F02F7B-AED8-499C-B79E-E4138EE16754}.Release|Any CPU.Build.0 = Release|Any CPU
		{AC5A2BC4-3F07-4F7A-9E7E-41D6E007ABD4}.Debug|Any CPU.ActiveCfg = Debug|Any CPU
		{AC5A2BC4-3F07-4F7A-9E7E-41D6E007ABD4}.Debug|Any CPU.Build.0 = Debug|Any CPU
		{AC5A2BC4-3F07-4F7A-9E7E-41D6E007ABD4}.Release|Any CPU.ActiveCfg = Release|Any CPU
		{AC5A2BC4-3F07-4F7A-9E7E-41D6E007ABD4}.Release|Any CPU.Build.0 = Release|Any CPU
	EndGlobalSection
	GlobalSection(SolutionProperties) = preSolution
		HideSolutionNode = FALSE
	EndGlobalSection
	GlobalSection(ExtensibilityGlobals) = postSolution
		SolutionGuid = {A52A0248-CF07-433A-83B0-06746E7549F1}
	EndGlobalSection
EndGlobal
